
Microsoft Visual Studio Solution File, Format Version 12.00
# Visual Studio 2013
VisualStudioVersion = 12.0.31101.0
MinimumVisualStudioVersion = 10.0.40219.1
Project("{8BC9CEB8-8B4A-11D0-8D11-00A0C91BC942}") = "lua5.3", "lua5.3\lua5.3.vcxproj", "{58448F6C-2732-483B-8AF6-A9C216648E45}"
EndProject
Project("{8BC9CEB8-8B4A-11D0-8D11-00A0C91BC942}") = "Test", "Test\Test.vcxproj", "{62A3B752-294D-4D8F-9A8F-94CEE3F63BCC}"
EndProject
Project("{8BC9CEB8-8B4A-11D0-8D11-00A0C91BC942}") = "DemoPage", "DemoPage\DemoPage.vcxproj", "{6C194F19-2F1D-434D-8B10-5C7F925C1C80}"
EndProject
Global
	GlobalSection(SolutionConfigurationPlatforms) = preSolution
		Debug|Win32 = Debug|Win32
		Release|Win32 = Release|Win32
	EndGlobalSection
	GlobalSection(ProjectConfigurationPlatforms) = postSolution
		{58448F6C-2732-483B-8AF6-A9C216648E45}.Debug|Win32.ActiveCfg = Debug|Win32
		{58448F6C-2732-483B-8AF6-A9C216648E45}.Debug|Win32.Build.0 = Debug|Win32
		{58448F6C-2732-483B-8AF6-A9C216648E45}.Release|Win32.ActiveCfg = Release|Win32
		{58448F6C-2732-483B-8AF6-A9C216648E45}.Release|Win32.Build.0 = Release|Win32
		{62A3B752-294D-4D8F-9A8F-94CEE3F63BCC}.Debug|Win32.ActiveCfg = Debug|Win32
		{62A3B752-294D-4D8F-9A8F-94CEE3F63BCC}.Debug|Win32.Build.0 = Debug|Win32
		{62A3B752-294D-4D8F-9A8F-94CEE3F63BCC}.Release|Win32.ActiveCfg = Release|Win32
		{62A3B752-294D-4D8F-9A8F-94CEE3F63BCC}.Release|Win32.Build.0 = Release|Win32
		{6C194F19-2F1D-434D-8B10-5C7F925C1C80}.Debug|Win32.ActiveCfg = Debug|Win32
		{6C194F19-2F1D-434D-8B10-5C7F925C1C80}.Debug|Win32.Build.0 = Debug|Win32
		{6C194F19-2F1D-434D-8B10-5C7F925C1C80}.Release|Win32.ActiveCfg = Release|Win32
		{6C194F19-2F1D-434D-8B10-5C7F925C1C80}.Release|Win32.Build.0 = Release|Win32
	EndGlobalSection
	GlobalSection(SolutionProperties) = preSolution
		HideSolutionNode = FALSE
	EndGlobalSection
EndGlobal
